
Microsoft Visual Studio Solution File, Format Version 12.00
# Visual Studio Version 17
VisualStudioVersion = 17.4.33403.182
MinimumVisualStudioVersion = 10.0.40219.1
Project("{FAE04EC0-301F-11D3-BF4B-00C04F79EFBC}") = "Dark Nights", "Dark Nights.csproj", "{7D833EF3-AA7D-4CC1-93C4-3AFF518FE173}"
EndProject
Project("{FAE04EC0-301F-11D3-BF4B-00C04F79EFBC}") = "Nebula", "..\Nebula\Nebula.csproj", "{09ADF188-7F3C-4C6F-B8BF-82673E09051D}"
EndProject
Global
	GlobalSection(SolutionConfigurationPlatforms) = preSolution
		Debug|Any CPU = Debug|Any CPU
		Release|Any CPU = Release|Any CPU
	EndGlobalSection
	GlobalSection(ProjectConfigurationPlatforms) = postSolution
		{7D833EF3-AA7D-4CC1-93C4-3AFF518FE173}.Debug|Any CPU.ActiveCfg = Debug|Any CPU
		{7D833EF3-AA7D-4CC1-93C4-3AFF518FE173}.Debug|Any CPU.Build.0 = Debug|Any CPU
		{7D833EF3-AA7D-4CC1-93C4-3AFF518FE173}.Release|Any CPU.ActiveCfg = Release|Any CPU
		{7D833EF3-AA7D-4CC1-93C4-3AFF518FE173}.Release|Any CPU.Build.0 = Release|Any CPU
		{09ADF188-7F3C-4C6F-B8BF-82673E09051D}.Debug|Any CPU.ActiveCfg = Debug|Any CPU
		{09ADF188-7F3C-4C6F-B8BF-82673E09051D}.Debug|Any CPU.Build.0 = Debug|Any CPU
		{09ADF188-7F3C-4C6F-B8BF-82673E09051D}.Release|Any CPU.ActiveCfg = Release|Any CPU
		{09ADF188-7F3C-4C6F-B8BF-82673E09051D}.Release|Any CPU.Build.0 = Release|Any CPU
	EndGlobalSection
	GlobalSection(SolutionProperties) = preSolution
		HideSolutionNode = FALSE
	EndGlobalSection
	GlobalSection(ExtensibilityGlobals) = postSolution
		SolutionGuid = {A7072D64-79C0-4AAF-957A-653F3B395411}
	EndGlobalSection
EndGlobal
